github.com/defenseunicorns/defense-unicorns-hugo-theme v0.3.11 h1:Htt9CjVsuZPX6YXrX2g4SDIvw5vJSmFAcsXPFByIRdE=
github.com/defenseunicorns/defense-unicorns-hugo-theme v0.3.11/go.mod h1:4qS0z9fh81PKvKm4SFZUtK4kdtdii7aujJLLHzfCp/8=
github.com/defenseunicorns/defense-unicorns-hugo-theme/dependencies v0.3.11 h1:NvL4hkTkJ/qlIeb32Foe63guHDAdsGij15HsDUAXXcE=
github.com/defenseunicorns/defense-unicorns-hugo-theme/dependencies v0.3.11/go.mod h1:zQT7gnRyPnVCNxREasYkyewPJLhemxlOGZhbu+9mcfQ=
